
Microsoft Visual Studio Solution File, Format Version 12.00
# Visual Studio Version 16
VisualStudioVersion = 16.0.30011.22
MinimumVisualStudioVersion = 10.0.40219.1
Project("{FAE04EC0-301F-11D3-BF4B-00C04F79EFBC}") = "FileExportScheduler", "FileExportScheduler.csproj", "{F9B36924-68CC-497E-A829-B43915432060}"
EndProject
Global
	GlobalSection(SolutionConfigurationPlatforms) = preSolution
		Debug|Any CPU = Debug|Any CPU
		Release|Any CPU = Release|Any CPU
	EndGlobalSection
	GlobalSection(ProjectConfigurationPlatforms) = postSolution
		{F9B36924-68CC-497E-A829-B43915432060}.Debug|Any CPU.ActiveCfg = Debug|Any CPU
		{F9B36924-68CC-497E-A829-B43915432060}.Debug|Any CPU.Build.0 = Debug|Any CPU
		{F9B36924-68CC-497E-A829-B43915432060}.Release|Any CPU.ActiveCfg = Release|Any CPU
		{F9B36924-68CC-497E-A829-B43915432060}.Release|Any CPU.Build.0 = Release|Any CPU
	EndGlobalSection
	GlobalSection(SolutionProperties) = preSolution
		HideSolutionNode = FALSE
	EndGlobalSection
	GlobalSection(ExtensibilityGlobals) = postSolution
		SolutionGuid = {4D14FF78-8ACA-4482-AA81-CF9338851D00}
	EndGlobalSection
EndGlobal
